{
  "name": "@augejs/examples-schedule",
  "lockfileVersion": 2,
  "requires": true,
  "packages": {
    "": {
      "name": "@augejs/examples-schedule",
      "dependencies": {
        "@augejs/core": "^1.0.6",
        "@augejs/schedule": "^1.2.5"
      }
    },
    "node_modules/@augejs/core": {
      "version": "1.0.6",
      "resolved": "https://registry.npmjs.org/@augejs/core/-/core-1.0.6.tgz",
      "integrity": "sha512-XHop7s4xsASNmtCy24K+HJoD9HhDoMFVq/JnWWCXzb43IqmNK6DGQQuT1EV7ZDa/AqUyaq1Hi22uD9rtFgt+gw==",
      "dependencies": {
        "@augejs/provider-scanner": "1.0.4",
        "@types/extend": "^3.0.1",
        "@types/object-path": "^0.11.0",
        "extend": "^3.0.2",
        "inversify": "^5.0.5",
        "object-path": "^0.11.5",
        "reflect-metadata": "^0.1.13",
        "yargs-parser": "^20.2.7"
      },
      "engines": {
        "node": ">=12.0.0"
      }
    },
    "node_modules/@augejs/provider-scanner": {
      "version": "1.0.4",
      "resolved": "https://registry.npmjs.org/@augejs/provider-scanner/-/provider-scanner-1.0.4.tgz",
      "integrity": "sha512-YakgXxAIw1ulK3Uru5VAqZp1ifK6pS69Ne8U68NwF6ThNVrwqQLipSGWTlXn3v9wMYlTxEO0YG4iCqhNggUv/A==",
      "dependencies": {
        "@types/extend": "^3.0.1",
        "extend": "^3.0.2"
      }
    },
    "node_modules/@augejs/schedule": {
      "version": "1.2.5",
      "resolved": "https://registry.npmjs.org/@augejs/schedule/-/schedule-1.2.5.tgz",
      "integrity": "sha512-TUF5dnJ7g0lfyxdZzo13yvpl4n/86Mk8jI4HsZ2l56d8YpAOpfPmoUUUshK14OpnIk/iUNeyncfFHumY4k/5iw==",
      "dependencies": {
        "@types/cron": "^1.7.2",
        "cron": "^1.8.2"
      }
    },
    "node_modules/@types/cron": {
      "version": "1.7.2",
      "resolved": "https://registry.npmjs.org/@types/cron/-/cron-1.7.2.tgz",
      "integrity": "sha512-AEpNLRcsVSc5AdseJKNHpz0d4e8+ow+abTaC0fKDbAU86rF1evoFF0oC2fV9FdqtfVXkG2LKshpLTJCFOpyvTg==",
      "dependencies": {
        "@types/node": "*",
        "moment": ">=2.14.0"
      }
    },
    "node_modules/@types/extend": {
      "version": "3.0.1",
      "resolved": "https://registry.npmjs.org/@types/extend/-/extend-3.0.1.tgz",
      "integrity": "sha512-R1g/VyKFFI2HLC1QGAeTtCBWCo6n75l41OnsVYNbmKG+kempOESaodf6BeJyUM3Q0rKa/NQcTHbB2+66lNnxLw=="
    },
    "node_modules/@types/node": {
      "version": "14.14.37",
      "resolved": "https://registry.npmjs.org/@types/node/-/node-14.14.37.tgz",
      "integrity": "sha512-XYmBiy+ohOR4Lh5jE379fV2IU+6Jn4g5qASinhitfyO71b/sCo6MKsMLF5tc7Zf2CE8hViVQyYSobJNke8OvUw=="
    },
    "node_modules/@types/object-path": {
      "version": "0.11.0",
      "resolved": "https://registry.npmjs.org/@types/object-path/-/object-path-0.11.0.tgz",
      "integrity": "sha512-/tuN8jDbOXcPk+VzEVZzzAgw1Byz7s/itb2YI10qkSyy6nykJH02DuhfrflxVdAdE7AZ91h5X6Cn0dmVdFw2TQ=="
    },
    "node_modules/cron": {
      "version": "1.8.2",
      "resolved": "https://registry.npmjs.org/cron/-/cron-1.8.2.tgz",
      "integrity": "sha512-Gk2c4y6xKEO8FSAUTklqtfSr7oTq0CiPQeLBG5Fl0qoXpZyMcj1SG59YL+hqq04bu6/IuEA7lMkYDAplQNKkyg==",
      "dependencies": {
        "moment-timezone": "^0.5.x"
      }
    },
    "node_modules/extend": {
      "version": "3.0.2",
      "resolved": "https://registry.npmjs.org/extend/-/extend-3.0.2.tgz",
      "integrity": "sha512-fjquC59cD7CyW6urNXK0FBufkZcoiGG80wTuPujX590cB5Ttln20E2UB4S/WARVqhXffZl2LNgS+gQdPIIim/g=="
    },
    "node_modules/inversify": {
      "version": "5.0.5",
      "resolved": "https://registry.npmjs.org/inversify/-/inversify-5.0.5.tgz",
      "integrity": "sha512-60QsfPz8NAU/GZqXu8hJ+BhNf/C/c+Hp0eDc6XMIJTxBiP36AQyyQKpBkOVTLWBFDQWYVHpbbEuIsHu9dLuJDA=="
    },
    "node_modules/moment": {
      "version": "2.29.1",
      "resolved": "https://registry.npmjs.org/moment/-/moment-2.29.1.tgz",
      "integrity": "sha512-kHmoybcPV8Sqy59DwNDY3Jefr64lK/by/da0ViFcuA4DH0vQg5Q6Ze5VimxkfQNSC+Mls/Kx53s7TjP1RhFEDQ==",
      "engines": {
        "node": "*"
      }
    },
    "node_modules/moment-timezone": {
      "version": "0.5.33",
      "resolved": "https://registry.npmjs.org/moment-timezone/-/moment-timezone-0.5.33.tgz",
      "integrity": "sha512-PTc2vcT8K9J5/9rDEPe5czSIKgLoGsH8UNpA4qZTVw0Vd/Uz19geE9abbIOQKaAQFcnQ3v5YEXrbSc5BpshH+w==",
      "dependencies": {
        "moment": ">= 2.9.0"
      },
      "engines": {
        "node": "*"
      }
    },
    "node_modules/object-path": {
      "version": "0.11.5",
      "resolved": "https://registry.npmjs.org/object-path/-/object-path-0.11.5.tgz",
      "integrity": "sha512-jgSbThcoR/s+XumvGMTMf81QVBmah+/Q7K7YduKeKVWL7N111unR2d6pZZarSk6kY/caeNxUDyxOvMWyzoU2eg==",
      "engines": {
        "node": ">= 10.12.0"
      }
    },
    "node_modules/reflect-metadata": {
      "version": "0.1.13",
      "resolved": "https://registry.npmjs.org/reflect-metadata/-/reflect-metadata-0.1.13.tgz",
      "integrity": "sha512-Ts1Y/anZELhSsjMcU605fU9RE4Oi3p5ORujwbIKXfWa+0Zxs510Qrmrce5/Jowq3cHSZSJqBjypxmHarc+vEWg=="
    },
    "node_modules/yargs-parser": {
      "version": "20.2.7",
      "resolved": "https://registry.npmjs.org/yargs-parser/-/yargs-parser-20.2.7.tgz",
      "integrity": "sha512-FiNkvbeHzB/syOjIUxFDCnhSfzAL8R5vs40MgLFBorXACCOAEaWu0gRZl14vG8MR9AOJIZbmkjhusqBYZ3HTHw==",
      "engines": {
        "node": ">=10"
      }
    }
  },
  "dependencies": {
    "@augejs/core": {
      "version": "1.0.6",
      "resolved": "https://registry.npmjs.org/@augejs/core/-/core-1.0.6.tgz",
      "integrity": "sha512-XHop7s4xsASNmtCy24K+HJoD9HhDoMFVq/JnWWCXzb43IqmNK6DGQQuT1EV7ZDa/AqUyaq1Hi22uD9rtFgt+gw==",
      "requires": {
        "@augejs/provider-scanner": "1.0.4",
        "@types/extend": "^3.0.1",
        "@types/object-path": "^0.11.0",
        "extend": "^3.0.2",
        "inversify": "^5.0.5",
        "object-path": "^0.11.5",
        "reflect-metadata": "^0.1.13",
        "yargs-parser": "^20.2.7"
      }
    },
    "@augejs/provider-scanner": {
      "version": "1.0.4",
      "resolved": "https://registry.npmjs.org/@augejs/provider-scanner/-/provider-scanner-1.0.4.tgz",
      "integrity": "sha512-YakgXxAIw1ulK3Uru5VAqZp1ifK6pS69Ne8U68NwF6ThNVrwqQLipSGWTlXn3v9wMYlTxEO0YG4iCqhNggUv/A==",
      "requires": {
        "@types/extend": "^3.0.1",
        "extend": "^3.0.2"
      }
    },
    "@augejs/schedule": {
      "version": "1.2.5",
      "resolved": "https://registry.npmjs.org/@augejs/schedule/-/schedule-1.2.5.tgz",
      "integrity": "sha512-TUF5dnJ7g0lfyxdZzo13yvpl4n/86Mk8jI4HsZ2l56d8YpAOpfPmoUUUshK14OpnIk/iUNeyncfFHumY4k/5iw==",
      "requires": {
        "@types/cron": "^1.7.2",
        "cron": "^1.8.2"
      }
    },
    "@types/cron": {
      "version": "1.7.2",
      "resolved": "https://registry.npmjs.org/@types/cron/-/cron-1.7.2.tgz",
      "integrity": "sha512-AEpNLRcsVSc5AdseJKNHpz0d4e8+ow+abTaC0fKDbAU86rF1evoFF0oC2fV9FdqtfVXkG2LKshpLTJCFOpyvTg==",
      "requires": {
        "@types/node": "*",
        "moment": ">=2.14.0"
      }
    },
    "@types/extend": {
      "version": "3.0.1",
      "resolved": "https://registry.npmjs.org/@types/extend/-/extend-3.0.1.tgz",
      "integrity": "sha512-R1g/VyKFFI2HLC1QGAeTtCBWCo6n75l41OnsVYNbmKG+kempOESaodf6BeJyUM3Q0rKa/NQcTHbB2+66lNnxLw=="
    },
    "@types/node": {
      "version": "14.14.37",
      "resolved": "https://registry.npmjs.org/@types/node/-/node-14.14.37.tgz",
      "integrity": "sha512-XYmBiy+ohOR4Lh5jE379fV2IU+6Jn4g5qASinhitfyO71b/sCo6MKsMLF5tc7Zf2CE8hViVQyYSobJNke8OvUw=="
    },
    "@types/object-path": {
      "version": "0.11.0",
      "resolved": "https://registry.npmjs.org/@types/object-path/-/object-path-0.11.0.tgz",
      "integrity": "sha512-/tuN8jDbOXcPk+VzEVZzzAgw1Byz7s/itb2YI10qkSyy6nykJH02DuhfrflxVdAdE7AZ91h5X6Cn0dmVdFw2TQ=="
    },
    "cron": {
      "version": "1.8.2",
      "resolved": "https://registry.npmjs.org/cron/-/cron-1.8.2.tgz",
      "integrity": "sha512-Gk2c4y6xKEO8FSAUTklqtfSr7oTq0CiPQeLBG5Fl0qoXpZyMcj1SG59YL+hqq04bu6/IuEA7lMkYDAplQNKkyg==",
      "requires": {
        "moment-timezone": "^0.5.x"
      }
    },
    "extend": {
      "version": "3.0.2",
      "resolved": "https://registry.npmjs.org/extend/-/extend-3.0.2.tgz",
      "integrity": "sha512-fjquC59cD7CyW6urNXK0FBufkZcoiGG80wTuPujX590cB5Ttln20E2UB4S/WARVqhXffZl2LNgS+gQdPIIim/g=="
    },
    "inversify": {
      "version": "5.0.5",
      "resolved": "https://registry.npmjs.org/inversify/-/inversify-5.0.5.tgz",
      "integrity": "sha512-60QsfPz8NAU/GZqXu8hJ+BhNf/C/c+Hp0eDc6XMIJTxBiP36AQyyQKpBkOVTLWBFDQWYVHpbbEuIsHu9dLuJDA=="
    },
    "moment": {
      "version": "2.29.1",
      "resolved": "https://registry.npmjs.org/moment/-/moment-2.29.1.tgz",
      "integrity": "sha512-kHmoybcPV8Sqy59DwNDY3Jefr64lK/by/da0ViFcuA4DH0vQg5Q6Ze5VimxkfQNSC+Mls/Kx53s7TjP1RhFEDQ=="
    },
    "moment-timezone": {
      "version": "0.5.33",
      "resolved": "https://registry.npmjs.org/moment-timezone/-/moment-timezone-0.5.33.tgz",
      "integrity": "sha512-PTc2vcT8K9J5/9rDEPe5czSIKgLoGsH8UNpA4qZTVw0Vd/Uz19geE9abbIOQKaAQFcnQ3v5YEXrbSc5BpshH+w==",
      "requires": {
        "moment": ">= 2.9.0"
      }
    },
    "object-path": {
      "version": "0.11.5",
      "resolved": "https://registry.npmjs.org/object-path/-/object-path-0.11.5.tgz",
      "integrity": "sha512-jgSbThcoR/s+XumvGMTMf81QVBmah+/Q7K7YduKeKVWL7N111unR2d6pZZarSk6kY/caeNxUDyxOvMWyzoU2eg=="
    },
    "reflect-metadata": {
      "version": "0.1.13",
      "resolved": "https://registry.npmjs.org/reflect-metadata/-/reflect-metadata-0.1.13.tgz",
      "integrity": "sha512-Ts1Y/anZELhSsjMcU605fU9RE4Oi3p5ORujwbIKXfWa+0Zxs510Qrmrce5/Jowq3cHSZSJqBjypxmHarc+vEWg=="
    },
    "yargs-parser": {
      "version": "20.2.7",
      "resolved": "https://registry.npmjs.org/yargs-parser/-/yargs-parser-20.2.7.tgz",
      "integrity": "sha512-FiNkvbeHzB/syOjIUxFDCnhSfzAL8R5vs40MgLFBorXACCOAEaWu0gRZl14vG8MR9AOJIZbmkjhusqBYZ3HTHw=="
    }
  }
}
