{
  "name": "@augejs/examples-i18n",
  "lockfileVersion": 2,
  "requires": true,
  "packages": {
    "": {
      "name": "@augejs/examples-i18n",
      "dependencies": {
        "@augejs/core": "^1.0.6",
        "@augejs/i18n": "^1.2.5"
      }
    },
    "node_modules/@augejs/core": {
      "version": "1.0.6",
      "resolved": "https://registry.npmjs.org/@augejs/core/-/core-1.0.6.tgz",
      "integrity": "sha512-XHop7s4xsASNmtCy24K+HJoD9HhDoMFVq/JnWWCXzb43IqmNK6DGQQuT1EV7ZDa/AqUyaq1Hi22uD9rtFgt+gw==",
      "dependencies": {
        "@augejs/provider-scanner": "1.0.4",
        "@types/extend": "^3.0.1",
        "@types/object-path": "^0.11.0",
        "extend": "^3.0.2",
        "inversify": "^5.0.5",
        "object-path": "^0.11.5",
        "reflect-metadata": "^0.1.13",
        "yargs-parser": "^20.2.7"
      },
      "engines": {
        "node": ">=12.0.0"
      }
    },
    "node_modules/@augejs/i18n": {
      "version": "1.2.5",
      "resolved": "https://registry.npmjs.org/@augejs/i18n/-/i18n-1.2.5.tgz",
      "integrity": "sha512-XY6gLvrwc+j5+uHr8Qx1c6XANp533XtHEPBN03rPPR8KQbiHURevvbyBUnribmtY5N0C9Lc5MYQjaNFhn81rDQ==",
      "license": "MIT",
      "dependencies": {
        "@formatjs/intl": "^1.8.5",
        "@types/js-yaml": "^4.0.0",
        "js-yaml": "^4.0.0",
        "properties": "^1.2.1"
      }
    },
    "node_modules/@augejs/provider-scanner": {
      "version": "1.0.4",
      "resolved": "https://registry.npmjs.org/@augejs/provider-scanner/-/provider-scanner-1.0.4.tgz",
      "integrity": "sha512-YakgXxAIw1ulK3Uru5VAqZp1ifK6pS69Ne8U68NwF6ThNVrwqQLipSGWTlXn3v9wMYlTxEO0YG4iCqhNggUv/A==",
      "dependencies": {
        "@types/extend": "^3.0.1",
        "extend": "^3.0.2"
      }
    },
    "node_modules/@formatjs/ecma402-abstract": {
      "version": "1.6.4",
      "resolved": "https://registry.npmjs.org/@formatjs/ecma402-abstract/-/ecma402-abstract-1.6.4.tgz",
      "integrity": "sha512-ukFjGD9dLsxcD9D5AEshJqQElPQeUAlTALT/lzIV6OcYojyuU81gw/uXDUOrs6XW79jtOJwQDkLqHbCJBJMOTw==",
      "dependencies": {
        "tslib": "^2.1.0"
      }
    },
    "node_modules/@formatjs/icu-messageformat-parser": {
      "version": "1.1.2",
      "resolved": "https://registry.npmjs.org/@formatjs/icu-messageformat-parser/-/icu-messageformat-parser-1.1.2.tgz",
      "integrity": "sha512-AgwoQ2XUL+bQ/v7t4TBJh9vsob8zXgfM3RNe3MvJBCVOEZ+9z8mszsqeae/DmJgLK6SDezJex5O9Vdiny58Pwg==",
      "dependencies": {
        "@formatjs/ecma402-abstract": "1.6.4",
        "@formatjs/icu-skeleton-parser": "1.1.1",
        "tslib": "^2.1.0"
      }
    },
    "node_modules/@formatjs/icu-skeleton-parser": {
      "version": "1.1.1",
      "resolved": "https://registry.npmjs.org/@formatjs/icu-skeleton-parser/-/icu-skeleton-parser-1.1.1.tgz",
      "integrity": "sha512-hkRJhjr9G0IE730Kxwq65+rz/2fdCckSJTPrKmViMxLNtRmIt6Hx67tffElr9/QSlpzGlXw9XAMdFOa1ylRrJQ==",
      "dependencies": {
        "@formatjs/ecma402-abstract": "1.6.4",
        "tslib": "^2.1.0"
      }
    },
    "node_modules/@formatjs/intl": {
      "version": "1.9.5",
      "resolved": "https://registry.npmjs.org/@formatjs/intl/-/intl-1.9.5.tgz",
      "integrity": "sha512-PEvdDuppTHW23B4s1nzKCY1wku3HYEgmV2ip02RspSUKl8p3t/TCwb1/U3Qwhgj3EUsjYdiaF1uyMj61eChAow==",
      "dependencies": {
        "@formatjs/ecma402-abstract": "1.6.4",
        "@formatjs/icu-messageformat-parser": "1.1.2",
        "@formatjs/intl-displaynames": "4.0.12",
        "@formatjs/intl-listformat": "5.0.13",
        "fast-memoize": "^2.5.2",
        "intl-messageformat": "9.6.4",
        "tslib": "^2.1.0"
      }
    },
    "node_modules/@formatjs/intl-displaynames": {
      "version": "4.0.12",
      "resolved": "https://registry.npmjs.org/@formatjs/intl-displaynames/-/intl-displaynames-4.0.12.tgz",
      "integrity": "sha512-2f3nf5IcPYk2SCS83rJoV5y47OTL+YtHDa5G42KDgSA8ZgmgkN5OaYs3WF6a2RweMG9jp4LCTUmqS42LcAhJSw==",
      "dependencies": {
        "@formatjs/ecma402-abstract": "1.6.4",
        "tslib": "^2.1.0"
      }
    },
    "node_modules/@formatjs/intl-listformat": {
      "version": "5.0.13",
      "resolved": "https://registry.npmjs.org/@formatjs/intl-listformat/-/intl-listformat-5.0.13.tgz",
      "integrity": "sha512-z4vZ5FX6dsL2fbO7NCmmJXKXH9p0gubzZVSsmCOUBIuy6rODLD8kE2LVnefd4wnXEJi5/fAnwGT2NMjirWa71g==",
      "dependencies": {
        "@formatjs/ecma402-abstract": "1.6.4",
        "tslib": "^2.1.0"
      }
    },
    "node_modules/@types/extend": {
      "version": "3.0.1",
      "resolved": "https://registry.npmjs.org/@types/extend/-/extend-3.0.1.tgz",
      "integrity": "sha512-R1g/VyKFFI2HLC1QGAeTtCBWCo6n75l41OnsVYNbmKG+kempOESaodf6BeJyUM3Q0rKa/NQcTHbB2+66lNnxLw=="
    },
    "node_modules/@types/js-yaml": {
      "version": "4.0.0",
      "resolved": "https://registry.npmjs.org/@types/js-yaml/-/js-yaml-4.0.0.tgz",
      "integrity": "sha512-4vlpCM5KPCL5CfGmTbpjwVKbISRYhduEJvvUWsH5EB7QInhEj94XPZ3ts/9FPiLZFqYO0xoW4ZL8z2AabTGgJA=="
    },
    "node_modules/@types/object-path": {
      "version": "0.11.0",
      "resolved": "https://registry.npmjs.org/@types/object-path/-/object-path-0.11.0.tgz",
      "integrity": "sha512-/tuN8jDbOXcPk+VzEVZzzAgw1Byz7s/itb2YI10qkSyy6nykJH02DuhfrflxVdAdE7AZ91h5X6Cn0dmVdFw2TQ=="
    },
    "node_modules/argparse": {
      "version": "2.0.1",
      "resolved": "https://registry.npmjs.org/argparse/-/argparse-2.0.1.tgz",
      "integrity": "sha512-8+9WqebbFzpX9OR+Wa6O29asIogeRMzcGtAINdpMHHyAg10f05aSFVBbcEqGf/PXw1EjAZ+q2/bEBg3DvurK3Q=="
    },
    "node_modules/extend": {
      "version": "3.0.2",
      "resolved": "https://registry.npmjs.org/extend/-/extend-3.0.2.tgz",
      "integrity": "sha512-fjquC59cD7CyW6urNXK0FBufkZcoiGG80wTuPujX590cB5Ttln20E2UB4S/WARVqhXffZl2LNgS+gQdPIIim/g=="
    },
    "node_modules/fast-memoize": {
      "version": "2.5.2",
      "resolved": "https://registry.npmjs.org/fast-memoize/-/fast-memoize-2.5.2.tgz",
      "integrity": "sha512-Ue0LwpDYErFbmNnZSF0UH6eImUwDmogUO1jyE+JbN2gsQz/jICm1Ve7t9QT0rNSsfJt+Hs4/S3GnsDVjL4HVrw=="
    },
    "node_modules/intl-messageformat": {
      "version": "9.6.4",
      "resolved": "https://registry.npmjs.org/intl-messageformat/-/intl-messageformat-9.6.4.tgz",
      "integrity": "sha512-NCstnz4qiRYHRiFwAadptARV0XGv8dFtC6ZcDfjKlFePvyyQ9zkPXq28Tg7UPTfUZnOfGjnxgi0mMem/5/TbDw==",
      "dependencies": {
        "@formatjs/icu-messageformat-parser": "1.1.2",
        "fast-memoize": "^2.5.2",
        "tslib": "^2.1.0"
      }
    },
    "node_modules/inversify": {
      "version": "5.0.5",
      "resolved": "https://registry.npmjs.org/inversify/-/inversify-5.0.5.tgz",
      "integrity": "sha512-60QsfPz8NAU/GZqXu8hJ+BhNf/C/c+Hp0eDc6XMIJTxBiP36AQyyQKpBkOVTLWBFDQWYVHpbbEuIsHu9dLuJDA=="
    },
    "node_modules/js-yaml": {
      "version": "4.0.0",
      "resolved": "https://registry.npmjs.org/js-yaml/-/js-yaml-4.0.0.tgz",
      "integrity": "sha512-pqon0s+4ScYUvX30wxQi3PogGFAlUyH0awepWvwkj4jD4v+ova3RiYw8bmA6x2rDrEaj8i/oWKoRxpVNW+Re8Q==",
      "dependencies": {
        "argparse": "^2.0.1"
      },
      "bin": {
        "js-yaml": "bin/js-yaml.js"
      }
    },
    "node_modules/object-path": {
      "version": "0.11.5",
      "resolved": "https://registry.npmjs.org/object-path/-/object-path-0.11.5.tgz",
      "integrity": "sha512-jgSbThcoR/s+XumvGMTMf81QVBmah+/Q7K7YduKeKVWL7N111unR2d6pZZarSk6kY/caeNxUDyxOvMWyzoU2eg==",
      "engines": {
        "node": ">= 10.12.0"
      }
    },
    "node_modules/properties": {
      "version": "1.2.1",
      "resolved": "https://registry.npmjs.org/properties/-/properties-1.2.1.tgz",
      "integrity": "sha1-Dul6f8AgsaKlW4ZZ7aSqjYaQlL0=",
      "engines": {
        "node": ">=0.10"
      }
    },
    "node_modules/reflect-metadata": {
      "version": "0.1.13",
      "resolved": "https://registry.npmjs.org/reflect-metadata/-/reflect-metadata-0.1.13.tgz",
      "integrity": "sha512-Ts1Y/anZELhSsjMcU605fU9RE4Oi3p5ORujwbIKXfWa+0Zxs510Qrmrce5/Jowq3cHSZSJqBjypxmHarc+vEWg=="
    },
    "node_modules/tslib": {
      "version": "2.1.0",
      "resolved": "https://registry.npmjs.org/tslib/-/tslib-2.1.0.tgz",
      "integrity": "sha512-hcVC3wYEziELGGmEEXue7D75zbwIIVUMWAVbHItGPx0ziyXxrOMQx4rQEVEV45Ut/1IotuEvwqPopzIOkDMf0A=="
    },
    "node_modules/yargs-parser": {
      "version": "20.2.7",
      "resolved": "https://registry.npmjs.org/yargs-parser/-/yargs-parser-20.2.7.tgz",
      "integrity": "sha512-FiNkvbeHzB/syOjIUxFDCnhSfzAL8R5vs40MgLFBorXACCOAEaWu0gRZl14vG8MR9AOJIZbmkjhusqBYZ3HTHw==",
      "engines": {
        "node": ">=10"
      }
    }
  },
  "dependencies": {
    "@augejs/core": {
      "version": "1.0.6",
      "resolved": "https://registry.npmjs.org/@augejs/core/-/core-1.0.6.tgz",
      "integrity": "sha512-XHop7s4xsASNmtCy24K+HJoD9HhDoMFVq/JnWWCXzb43IqmNK6DGQQuT1EV7ZDa/AqUyaq1Hi22uD9rtFgt+gw==",
      "requires": {
        "@augejs/provider-scanner": "1.0.4",
        "@types/extend": "^3.0.1",
        "@types/object-path": "^0.11.0",
        "extend": "^3.0.2",
        "inversify": "^5.0.5",
        "object-path": "^0.11.5",
        "reflect-metadata": "^0.1.13",
        "yargs-parser": "^20.2.7"
      }
    },
    "@augejs/i18n": {
      "version": "1.2.5",
      "resolved": "https://registry.npmjs.org/@augejs/i18n/-/i18n-1.2.5.tgz",
      "integrity": "sha512-XY6gLvrwc+j5+uHr8Qx1c6XANp533XtHEPBN03rPPR8KQbiHURevvbyBUnribmtY5N0C9Lc5MYQjaNFhn81rDQ==",
      "requires": {
        "@formatjs/intl": "^1.8.5",
        "@types/js-yaml": "^4.0.0",
        "js-yaml": "^4.0.0",
        "properties": "^1.2.1"
      }
    },
    "@augejs/provider-scanner": {
      "version": "1.0.4",
      "resolved": "https://registry.npmjs.org/@augejs/provider-scanner/-/provider-scanner-1.0.4.tgz",
      "integrity": "sha512-YakgXxAIw1ulK3Uru5VAqZp1ifK6pS69Ne8U68NwF6ThNVrwqQLipSGWTlXn3v9wMYlTxEO0YG4iCqhNggUv/A==",
      "requires": {
        "@types/extend": "^3.0.1",
        "extend": "^3.0.2"
      }
    },
    "@formatjs/ecma402-abstract": {
      "version": "1.6.4",
      "resolved": "https://registry.npmjs.org/@formatjs/ecma402-abstract/-/ecma402-abstract-1.6.4.tgz",
      "integrity": "sha512-ukFjGD9dLsxcD9D5AEshJqQElPQeUAlTALT/lzIV6OcYojyuU81gw/uXDUOrs6XW79jtOJwQDkLqHbCJBJMOTw==",
      "requires": {
        "tslib": "^2.1.0"
      }
    },
    "@formatjs/icu-messageformat-parser": {
      "version": "1.1.2",
      "resolved": "https://registry.npmjs.org/@formatjs/icu-messageformat-parser/-/icu-messageformat-parser-1.1.2.tgz",
      "integrity": "sha512-AgwoQ2XUL+bQ/v7t4TBJh9vsob8zXgfM3RNe3MvJBCVOEZ+9z8mszsqeae/DmJgLK6SDezJex5O9Vdiny58Pwg==",
      "requires": {
        "@formatjs/ecma402-abstract": "1.6.4",
        "@formatjs/icu-skeleton-parser": "1.1.1",
        "tslib": "^2.1.0"
      }
    },
    "@formatjs/icu-skeleton-parser": {
      "version": "1.1.1",
      "resolved": "https://registry.npmjs.org/@formatjs/icu-skeleton-parser/-/icu-skeleton-parser-1.1.1.tgz",
      "integrity": "sha512-hkRJhjr9G0IE730Kxwq65+rz/2fdCckSJTPrKmViMxLNtRmIt6Hx67tffElr9/QSlpzGlXw9XAMdFOa1ylRrJQ==",
      "requires": {
        "@formatjs/ecma402-abstract": "1.6.4",
        "tslib": "^2.1.0"
      }
    },
    "@formatjs/intl": {
      "version": "1.9.5",
      "resolved": "https://registry.npmjs.org/@formatjs/intl/-/intl-1.9.5.tgz",
      "integrity": "sha512-PEvdDuppTHW23B4s1nzKCY1wku3HYEgmV2ip02RspSUKl8p3t/TCwb1/U3Qwhgj3EUsjYdiaF1uyMj61eChAow==",
      "requires": {
        "@formatjs/ecma402-abstract": "1.6.4",
        "@formatjs/icu-messageformat-parser": "1.1.2",
        "@formatjs/intl-displaynames": "4.0.12",
        "@formatjs/intl-listformat": "5.0.13",
        "fast-memoize": "^2.5.2",
        "intl-messageformat": "9.6.4",
        "tslib": "^2.1.0"
      }
    },
    "@formatjs/intl-displaynames": {
      "version": "4.0.12",
      "resolved": "https://registry.npmjs.org/@formatjs/intl-displaynames/-/intl-displaynames-4.0.12.tgz",
      "integrity": "sha512-2f3nf5IcPYk2SCS83rJoV5y47OTL+YtHDa5G42KDgSA8ZgmgkN5OaYs3WF6a2RweMG9jp4LCTUmqS42LcAhJSw==",
      "requires": {
        "@formatjs/ecma402-abstract": "1.6.4",
        "tslib": "^2.1.0"
      }
    },
    "@formatjs/intl-listformat": {
      "version": "5.0.13",
      "resolved": "https://registry.npmjs.org/@formatjs/intl-listformat/-/intl-listformat-5.0.13.tgz",
      "integrity": "sha512-z4vZ5FX6dsL2fbO7NCmmJXKXH9p0gubzZVSsmCOUBIuy6rODLD8kE2LVnefd4wnXEJi5/fAnwGT2NMjirWa71g==",
      "requires": {
        "@formatjs/ecma402-abstract": "1.6.4",
        "tslib": "^2.1.0"
      }
    },
    "@types/extend": {
      "version": "3.0.1",
      "resolved": "https://registry.npmjs.org/@types/extend/-/extend-3.0.1.tgz",
      "integrity": "sha512-R1g/VyKFFI2HLC1QGAeTtCBWCo6n75l41OnsVYNbmKG+kempOESaodf6BeJyUM3Q0rKa/NQcTHbB2+66lNnxLw=="
    },
    "@types/js-yaml": {
      "version": "4.0.0",
      "resolved": "https://registry.npmjs.org/@types/js-yaml/-/js-yaml-4.0.0.tgz",
      "integrity": "sha512-4vlpCM5KPCL5CfGmTbpjwVKbISRYhduEJvvUWsH5EB7QInhEj94XPZ3ts/9FPiLZFqYO0xoW4ZL8z2AabTGgJA=="
    },
    "@types/object-path": {
      "version": "0.11.0",
      "resolved": "https://registry.npmjs.org/@types/object-path/-/object-path-0.11.0.tgz",
      "integrity": "sha512-/tuN8jDbOXcPk+VzEVZzzAgw1Byz7s/itb2YI10qkSyy6nykJH02DuhfrflxVdAdE7AZ91h5X6Cn0dmVdFw2TQ=="
    },
    "argparse": {
      "version": "2.0.1",
      "resolved": "https://registry.npmjs.org/argparse/-/argparse-2.0.1.tgz",
      "integrity": "sha512-8+9WqebbFzpX9OR+Wa6O29asIogeRMzcGtAINdpMHHyAg10f05aSFVBbcEqGf/PXw1EjAZ+q2/bEBg3DvurK3Q=="
    },
    "extend": {
      "version": "3.0.2",
      "resolved": "https://registry.npmjs.org/extend/-/extend-3.0.2.tgz",
      "integrity": "sha512-fjquC59cD7CyW6urNXK0FBufkZcoiGG80wTuPujX590cB5Ttln20E2UB4S/WARVqhXffZl2LNgS+gQdPIIim/g=="
    },
    "fast-memoize": {
      "version": "2.5.2",
      "resolved": "https://registry.npmjs.org/fast-memoize/-/fast-memoize-2.5.2.tgz",
      "integrity": "sha512-Ue0LwpDYErFbmNnZSF0UH6eImUwDmogUO1jyE+JbN2gsQz/jICm1Ve7t9QT0rNSsfJt+Hs4/S3GnsDVjL4HVrw=="
    },
    "intl-messageformat": {
      "version": "9.6.4",
      "resolved": "https://registry.npmjs.org/intl-messageformat/-/intl-messageformat-9.6.4.tgz",
      "integrity": "sha512-NCstnz4qiRYHRiFwAadptARV0XGv8dFtC6ZcDfjKlFePvyyQ9zkPXq28Tg7UPTfUZnOfGjnxgi0mMem/5/TbDw==",
      "requires": {
        "@formatjs/icu-messageformat-parser": "1.1.2",
        "fast-memoize": "^2.5.2",
        "tslib": "^2.1.0"
      }
    },
    "inversify": {
      "version": "5.0.5",
      "resolved": "https://registry.npmjs.org/inversify/-/inversify-5.0.5.tgz",
      "integrity": "sha512-60QsfPz8NAU/GZqXu8hJ+BhNf/C/c+Hp0eDc6XMIJTxBiP36AQyyQKpBkOVTLWBFDQWYVHpbbEuIsHu9dLuJDA=="
    },
    "js-yaml": {
      "version": "4.0.0",
      "resolved": "https://registry.npmjs.org/js-yaml/-/js-yaml-4.0.0.tgz",
      "integrity": "sha512-pqon0s+4ScYUvX30wxQi3PogGFAlUyH0awepWvwkj4jD4v+ova3RiYw8bmA6x2rDrEaj8i/oWKoRxpVNW+Re8Q==",
      "requires": {
        "argparse": "^2.0.1"
      }
    },
    "object-path": {
      "version": "0.11.5",
      "resolved": "https://registry.npmjs.org/object-path/-/object-path-0.11.5.tgz",
      "integrity": "sha512-jgSbThcoR/s+XumvGMTMf81QVBmah+/Q7K7YduKeKVWL7N111unR2d6pZZarSk6kY/caeNxUDyxOvMWyzoU2eg=="
    },
    "properties": {
      "version": "1.2.1",
      "resolved": "https://registry.npmjs.org/properties/-/properties-1.2.1.tgz",
      "integrity": "sha1-Dul6f8AgsaKlW4ZZ7aSqjYaQlL0="
    },
    "reflect-metadata": {
      "version": "0.1.13",
      "resolved": "https://registry.npmjs.org/reflect-metadata/-/reflect-metadata-0.1.13.tgz",
      "integrity": "sha512-Ts1Y/anZELhSsjMcU605fU9RE4Oi3p5ORujwbIKXfWa+0Zxs510Qrmrce5/Jowq3cHSZSJqBjypxmHarc+vEWg=="
    },
    "tslib": {
      "version": "2.1.0",
      "resolved": "https://registry.npmjs.org/tslib/-/tslib-2.1.0.tgz",
      "integrity": "sha512-hcVC3wYEziELGGmEEXue7D75zbwIIVUMWAVbHItGPx0ziyXxrOMQx4rQEVEV45Ut/1IotuEvwqPopzIOkDMf0A=="
    },
    "yargs-parser": {
      "version": "20.2.7",
      "resolved": "https://registry.npmjs.org/yargs-parser/-/yargs-parser-20.2.7.tgz",
      "integrity": "sha512-FiNkvbeHzB/syOjIUxFDCnhSfzAL8R5vs40MgLFBorXACCOAEaWu0gRZl14vG8MR9AOJIZbmkjhusqBYZ3HTHw=="
    }
  }
}
